
Microsoft Visual Studio Solution File, Format Version 12.00
# Visual Studio Version 16
VisualStudioVersion = 16.0.28803.352
MinimumVisualStudioVersion = 10.0.40219.1
Project("{FAE04EC0-301F-11D3-BF4B-00C04F79EFBC}") = "WindowsFormsDerivedControl", "WindowsFormsDerivedControl\WindowsFormsDerivedControl.csproj", "{D8215A43-F5A0-4FB8-BE31-2B73F8A71E7C}"
EndProject
Global
	GlobalSection(SolutionConfigurationPlatforms) = preSolution
		Debug|Any CPU = Debug|Any CPU
		Release|Any CPU = Release|Any CPU
	EndGlobalSection
	GlobalSection(ProjectConfigurationPlatforms) = postSolution
		{D8215A43-F5A0-4FB8-BE31-2B73F8A71E7C}.Debug|Any CPU.ActiveCfg = Debug|Any CPU
		{D8215A43-F5A0-4FB8-BE31-2B73F8A71E7C}.Debug|Any CPU.Build.0 = Debug|Any CPU
		{D8215A43-F5A0-4FB8-BE31-2B73F8A71E7C}.Release|Any CPU.ActiveCfg = Release|Any CPU
		{D8215A43-F5A0-4FB8-BE31-2B73F8A71E7C}.Release|Any CPU.Build.0 = Release|Any CPU
	EndGlobalSection
	GlobalSection(SolutionProperties) = preSolution
		HideSolutionNode = FALSE
	EndGlobalSection
	GlobalSection(ExtensibilityGlobals) = postSolution
		SolutionGuid = {76F56601-E0BD-4CF8-9EFE-77B2A66995E4}
	EndGlobalSection
EndGlobal
